
Microsoft Visual Studio Solution File, Format Version 10.00
# Visual Studio 2008
Project("{FAE04EC0-301F-11D3-BF4B-00C04F79EFBC}") = "AppFrame", "AppFrame\AppFrame.csproj", "{73A362AB-99CF-4AA1-8278-01CAED2516F0}"
EndProject
Project("{FAE04EC0-301F-11D3-BF4B-00C04F79EFBC}") = "AppFrameClient", "AppFrameClient\AppFrameClient.csproj", "{65E17626-8E16-448C-A89D-ADE344360AF4}"
	ProjectSection(ProjectDependencies) = postProject
		{73A362AB-99CF-4AA1-8278-01CAED2516F0} = {73A362AB-99CF-4AA1-8278-01CAED2516F0}
	EndProjectSection
EndProject
Project("{FAE04EC0-301F-11D3-BF4B-00C04F79EFBC}") = "AppFrameServer", "AppFrameServer\AppFrameServer.csproj", "{C3773063-F4BA-4DCC-99C6-6C1F66397173}"
	ProjectSection(ProjectDependencies) = postProject
		{A501DC0E-5E63-4CE7-8D99-F45D1B69CD9B} = {A501DC0E-5E63-4CE7-8D99-F45D1B69CD9B}
		{73A362AB-99CF-4AA1-8278-01CAED2516F0} = {73A362AB-99CF-4AA1-8278-01CAED2516F0}
		{53EA70B6-957C-4D8A-BD43-1450C7433920} = {53EA70B6-957C-4D8A-BD43-1450C7433920}
	EndProjectSection
EndProject
Project("{E24C65DC-7377-472B-9ABA-BC803B73C61A}") = "AppFrameWeb", "AppFrameWeb\", "{C68BC794-1835-4AF1-BF4A-0F96312222EA}"
	ProjectSection(WebsiteProperties) = preProject
		SccProjectName = "Svn"
		SccAuxPath = "Svn"
		SccLocalPath = "Svn"
		SccProvider = "SubversionScc"
		TargetFramework = "3.5"
		ProjectReferences = "{73A362AB-99CF-4AA1-8278-01CAED2516F0}|AppFrame.dll;{C3773063-F4BA-4DCC-99C6-6C1F66397173}|AppFrameServer.dll;"
		Debug.AspNetCompiler.VirtualPath = "/AppFrameWeb"
		Debug.AspNetCompiler.PhysicalPath = "AppFrameWeb\"
		Debug.AspNetCompiler.TargetPath = "PrecompiledWeb\AppFrameWeb\"
		Debug.AspNetCompiler.Updateable = "true"
		Debug.AspNetCompiler.ForceOverwrite = "true"
		Debug.AspNetCompiler.FixedNames = "true"
		Debug.AspNetCompiler.Debug = "True"
		Release.AspNetCompiler.VirtualPath = "/AppFrameWeb"
		Release.AspNetCompiler.PhysicalPath = "AppFrameWeb\"
		Release.AspNetCompiler.TargetPath = "PrecompiledWeb\AppFrameWeb\"
		Release.AspNetCompiler.Updateable = "true"
		Release.AspNetCompiler.ForceOverwrite = "true"
		Release.AspNetCompiler.FixedNames = "true"
		Release.AspNetCompiler.Debug = "False"
		VWDPort = "25327"
		VWDDynamicPort = "true"
		DefaultWebSiteLanguage = "Visual C#"
	EndProjectSection
EndProject
Project("{2150E333-8FDC-42A3-9474-1A3956D46DE8}") = "SQL", "SQL", "{15758B2B-06F3-4AB0-BFBB-65EBE203C5D6}"
	ProjectSection(SolutionItems) = preProject
		dbPassword.txt = dbPassword.txt
		SQL\DBScript.sql = SQL\DBScript.sql
		SQL\update090610.sql = SQL\update090610.sql
		SQL\update_20090608.sql = SQL\update_20090608.sql
	EndProjectSection
EndProject
Project("{54435603-DBB4-11D2-8724-00A0C9A8B90C}") = "POSClientSetup", "Setup1\Setup1.vdproj", "{49D02E2C-8CA5-4634-B268-DFD8C952F1EE}"
EndProject
Project("{2150E333-8FDC-42A3-9474-1A3956D46DE8}") = "Solution Items", "Solution Items", "{3A37C2A4-354C-44A1-BFCC-1BFF98114199}"
	ProjectSection(SolutionItems) = preProject
		Libraries\Libraries.rar = Libraries\Libraries.rar
	EndProjectSection
EndProject
Project("{FAE04EC0-301F-11D3-BF4B-00C04F79EFBC}") = "ImportPOSData", "ImportPOSData\ImportPOSData.csproj", "{53EA70B6-957C-4D8A-BD43-1450C7433920}"
	ProjectSection(ProjectDependencies) = postProject
		{73A362AB-99CF-4AA1-8278-01CAED2516F0} = {73A362AB-99CF-4AA1-8278-01CAED2516F0}
	EndProjectSection
EndProject
Project("{FAE04EC0-301F-11D3-BF4B-00C04F79EFBC}") = "POSReports", "POSReports\POSReports.csproj", "{A501DC0E-5E63-4CE7-8D99-F45D1B69CD9B}"
EndProject
Project("{FAE04EC0-301F-11D3-BF4B-00C04F79EFBC}") = "ClientManagementTool", "ClientManagementTool\ClientManagementTool.csproj", "{224C31A0-A5A8-4F6C-8373-6A8F6EC612FD}"
EndProject
Global
	GlobalSection(SubversionScc) = preSolution
		Svn-Managed = True
		Manager = AnkhSVN - Subversion Support for Visual Studio
	EndGlobalSection
	GlobalSection(SolutionConfigurationPlatforms) = preSolution
		Debug|Any CPU = Debug|Any CPU
		Release|Any CPU = Release|Any CPU
	EndGlobalSection
	GlobalSection(ProjectConfigurationPlatforms) = postSolution
		{73A362AB-99CF-4AA1-8278-01CAED2516F0}.Debug|Any CPU.ActiveCfg = Debug|Any CPU
		{73A362AB-99CF-4AA1-8278-01CAED2516F0}.Debug|Any CPU.Build.0 = Debug|Any CPU
		{73A362AB-99CF-4AA1-8278-01CAED2516F0}.Release|Any CPU.ActiveCfg = Release|Any CPU
		{73A362AB-99CF-4AA1-8278-01CAED2516F0}.Release|Any CPU.Build.0 = Release|Any CPU
		{65E17626-8E16-448C-A89D-ADE344360AF4}.Debug|Any CPU.ActiveCfg = Debug|Any CPU
		{65E17626-8E16-448C-A89D-ADE344360AF4}.Debug|Any CPU.Build.0 = Debug|Any CPU
		{65E17626-8E16-448C-A89D-ADE344360AF4}.Release|Any CPU.ActiveCfg = Release|Any CPU
		{65E17626-8E16-448C-A89D-ADE344360AF4}.Release|Any CPU.Build.0 = Release|Any CPU
		{C3773063-F4BA-4DCC-99C6-6C1F66397173}.Debug|Any CPU.ActiveCfg = Debug|Any CPU
		{C3773063-F4BA-4DCC-99C6-6C1F66397173}.Debug|Any CPU.Build.0 = Debug|Any CPU
		{C3773063-F4BA-4DCC-99C6-6C1F66397173}.Release|Any CPU.ActiveCfg = Release|Any CPU
		{C3773063-F4BA-4DCC-99C6-6C1F66397173}.Release|Any CPU.Build.0 = Release|Any CPU
		{C68BC794-1835-4AF1-BF4A-0F96312222EA}.Debug|Any CPU.ActiveCfg = Debug|Any CPU
		{C68BC794-1835-4AF1-BF4A-0F96312222EA}.Debug|Any CPU.Build.0 = Debug|Any CPU
		{C68BC794-1835-4AF1-BF4A-0F96312222EA}.Release|Any CPU.ActiveCfg = Debug|Any CPU
		{C68BC794-1835-4AF1-BF4A-0F96312222EA}.Release|Any CPU.Build.0 = Debug|Any CPU
		{49D02E2C-8CA5-4634-B268-DFD8C952F1EE}.Debug|Any CPU.ActiveCfg = Debug
		{49D02E2C-8CA5-4634-B268-DFD8C952F1EE}.Release|Any CPU.ActiveCfg = Release
		{53EA70B6-957C-4D8A-BD43-1450C7433920}.Debug|Any CPU.ActiveCfg = Debug|Any CPU
		{53EA70B6-957C-4D8A-BD43-1450C7433920}.Debug|Any CPU.Build.0 = Debug|Any CPU
		{53EA70B6-957C-4D8A-BD43-1450C7433920}.Release|Any CPU.ActiveCfg = Release|Any CPU
		{53EA70B6-957C-4D8A-BD43-1450C7433920}.Release|Any CPU.Build.0 = Release|Any CPU
		{A501DC0E-5E63-4CE7-8D99-F45D1B69CD9B}.Debug|Any CPU.ActiveCfg = Debug|Any CPU
		{A501DC0E-5E63-4CE7-8D99-F45D1B69CD9B}.Debug|Any CPU.Build.0 = Debug|Any CPU
		{A501DC0E-5E63-4CE7-8D99-F45D1B69CD9B}.Release|Any CPU.ActiveCfg = Release|Any CPU
		{A501DC0E-5E63-4CE7-8D99-F45D1B69CD9B}.Release|Any CPU.Build.0 = Release|Any CPU
		{224C31A0-A5A8-4F6C-8373-6A8F6EC612FD}.Debug|Any CPU.ActiveCfg = Debug|Any CPU
		{224C31A0-A5A8-4F6C-8373-6A8F6EC612FD}.Debug|Any CPU.Build.0 = Debug|Any CPU
		{224C31A0-A5A8-4F6C-8373-6A8F6EC612FD}.Release|Any CPU.ActiveCfg = Release|Any CPU
		{224C31A0-A5A8-4F6C-8373-6A8F6EC612FD}.Release|Any CPU.Build.0 = Release|Any CPU
	EndGlobalSection
	GlobalSection(SolutionProperties) = preSolution
		HideSolutionNode = FALSE
	EndGlobalSection
EndGlobal
