
Microsoft Visual Studio Solution File, Format Version 10.00
# Visual Studio 2008
Project("{FAE04EC0-301F-11D3-BF4B-00C04F79EFBC}") = "POSServer", "CoralPOS2\POSServer.csproj", "{71316BD2-CC94-4CDF-B449-4F93C46234E3}"
EndProject
Project("{FAE04EC0-301F-11D3-BF4B-00C04F79EFBC}") = "POSClient", "POSClient\POSClient.csproj", "{1260D01A-426E-4BFA-AB25-610715DEB402}"
EndProject
Project("{FAE04EC0-301F-11D3-BF4B-00C04F79EFBC}") = "POSService", "POSService\POSService.csproj", "{AFD25592-40CF-4B1D-AB25-C1A18C590124}"
EndProject
Project("{2150E333-8FDC-42A3-9474-1A3956D46DE8}") = "Libraries", "Libraries", "{A7646901-8909-4E62-BEBE-E45B2C9CE6A8}"
	ProjectSection(SolutionItems) = preProject
		libraries\Autofac.dll = libraries\Autofac.dll
		libraries\Autofac.XML = libraries\Autofac.XML
		libraries\Caliburn.Autofac.dll = libraries\Caliburn.Autofac.dll
		libraries\Caliburn.Autofac.xml = libraries\Caliburn.Autofac.xml
		libraries\Caliburn.Castle.dll = libraries\Caliburn.Castle.dll
		libraries\Caliburn.Castle.xml = libraries\Caliburn.Castle.xml
		libraries\Caliburn.Core.dll = libraries\Caliburn.Core.dll
		libraries\Caliburn.Core.xml = libraries\Caliburn.Core.xml
		libraries\Caliburn.MEF.dll = libraries\Caliburn.MEF.dll
		libraries\Caliburn.MEF.xml = libraries\Caliburn.MEF.xml
		libraries\Caliburn.ModelFramework.dll = libraries\Caliburn.ModelFramework.dll
		libraries\Caliburn.ModelFramework.xml = libraries\Caliburn.ModelFramework.xml
		libraries\Caliburn.Ninject.dll = libraries\Caliburn.Ninject.dll
		libraries\Caliburn.Ninject.xml = libraries\Caliburn.Ninject.xml
		libraries\Caliburn.PresentationFramework.dll = libraries\Caliburn.PresentationFramework.dll
		libraries\Caliburn.PresentationFramework.xml = libraries\Caliburn.PresentationFramework.xml
		libraries\Caliburn.Prism.dll = libraries\Caliburn.Prism.dll
		libraries\Caliburn.Prism.xml = libraries\Caliburn.Prism.xml
		libraries\Caliburn.Spring.dll = libraries\Caliburn.Spring.dll
		libraries\Caliburn.Spring.xml = libraries\Caliburn.Spring.xml
		libraries\Caliburn.StructureMap.dll = libraries\Caliburn.StructureMap.dll
		libraries\Caliburn.StructureMap.xml = libraries\Caliburn.StructureMap.xml
		libraries\Caliburn.Testability.dll = libraries\Caliburn.Testability.dll
		libraries\Caliburn.Testability.xml = libraries\Caliburn.Testability.xml
		libraries\Caliburn.Unity.dll = libraries\Caliburn.Unity.dll
		libraries\Caliburn.Unity.xml = libraries\Caliburn.Unity.xml
		libraries\Castle.Core.dll = libraries\Castle.Core.dll
		libraries\Castle.Core.xml = libraries\Castle.Core.xml
		libraries\Castle.DynamicProxy2.dll = libraries\Castle.DynamicProxy2.dll
		libraries\Castle.DynamicProxy2.xml = libraries\Castle.DynamicProxy2.xml
		libraries\Castle.MicroKernel.dll = libraries\Castle.MicroKernel.dll
		libraries\Castle.MicroKernel.xml = libraries\Castle.MicroKernel.xml
		libraries\Castle.Windsor.dll = libraries\Castle.Windsor.dll
		libraries\Castle.Windsor.xml = libraries\Castle.Windsor.xml
		libraries\Common.Logging.dll = libraries\Common.Logging.dll
		libraries\Microsoft.Practices.Composite.dll = libraries\Microsoft.Practices.Composite.dll
		libraries\Microsoft.Practices.Composite.Presentation.dll = libraries\Microsoft.Practices.Composite.Presentation.dll
		libraries\Microsoft.Practices.Composite.Presentation.xml = libraries\Microsoft.Practices.Composite.Presentation.xml
		libraries\Microsoft.Practices.Composite.UnityExtensions.dll = libraries\Microsoft.Practices.Composite.UnityExtensions.dll
		libraries\Microsoft.Practices.Composite.UnityExtensions.XML = libraries\Microsoft.Practices.Composite.UnityExtensions.XML
		libraries\Microsoft.Practices.Composite.xml = libraries\Microsoft.Practices.Composite.xml
		libraries\Microsoft.Practices.ObjectBuilder2.dll = libraries\Microsoft.Practices.ObjectBuilder2.dll
		libraries\Microsoft.Practices.ObjectBuilder2.xml = libraries\Microsoft.Practices.ObjectBuilder2.xml
		libraries\Microsoft.Practices.ServiceLocation.dll = libraries\Microsoft.Practices.ServiceLocation.dll
		libraries\Microsoft.Practices.ServiceLocation.XML = libraries\Microsoft.Practices.ServiceLocation.XML
		libraries\Microsoft.Practices.Unity.Configuration.dll = libraries\Microsoft.Practices.Unity.Configuration.dll
		libraries\Microsoft.Practices.Unity.Configuration.xml = libraries\Microsoft.Practices.Unity.Configuration.xml
		libraries\Microsoft.Practices.Unity.dll = libraries\Microsoft.Practices.Unity.dll
		libraries\Microsoft.Practices.Unity.Interception.Configuration.dll = libraries\Microsoft.Practices.Unity.Interception.Configuration.dll
		libraries\Microsoft.Practices.Unity.Interception.Configuration.xml = libraries\Microsoft.Practices.Unity.Interception.Configuration.xml
		libraries\Microsoft.Practices.Unity.Interception.dll = libraries\Microsoft.Practices.Unity.Interception.dll
		libraries\Microsoft.Practices.Unity.Interception.xml = libraries\Microsoft.Practices.Unity.Interception.xml
		libraries\Microsoft.Practices.Unity.StaticFactory.dll = libraries\Microsoft.Practices.Unity.StaticFactory.dll
		libraries\Microsoft.Practices.Unity.StaticFactory.xml = libraries\Microsoft.Practices.Unity.StaticFactory.xml
		libraries\Microsoft.Practices.Unity.xml = libraries\Microsoft.Practices.Unity.xml
		libraries\Ninject.dll = libraries\Ninject.dll
		libraries\Spring.Core.dll = libraries\Spring.Core.dll
		libraries\Spring.Core.xml = libraries\Spring.Core.xml
		libraries\StructureMap.dll = libraries\StructureMap.dll
		libraries\System.ComponentModel.Composition.dll = libraries\System.ComponentModel.Composition.dll
		libraries\System.ComponentModel.Composition.xml = libraries\System.ComponentModel.Composition.xml
	EndProjectSection
EndProject
Global
	GlobalSection(SubversionScc) = preSolution
		Svn-Managed = True
		Manager = AnkhSVN - Subversion Support for Visual Studio
	EndGlobalSection
	GlobalSection(SolutionConfigurationPlatforms) = preSolution
		Debug|Any CPU = Debug|Any CPU
		Release|Any CPU = Release|Any CPU
	EndGlobalSection
	GlobalSection(ProjectConfigurationPlatforms) = postSolution
		{71316BD2-CC94-4CDF-B449-4F93C46234E3}.Debug|Any CPU.ActiveCfg = Debug|Any CPU
		{71316BD2-CC94-4CDF-B449-4F93C46234E3}.Debug|Any CPU.Build.0 = Debug|Any CPU
		{71316BD2-CC94-4CDF-B449-4F93C46234E3}.Release|Any CPU.ActiveCfg = Release|Any CPU
		{71316BD2-CC94-4CDF-B449-4F93C46234E3}.Release|Any CPU.Build.0 = Release|Any CPU
		{1260D01A-426E-4BFA-AB25-610715DEB402}.Debug|Any CPU.ActiveCfg = Debug|Any CPU
		{1260D01A-426E-4BFA-AB25-610715DEB402}.Debug|Any CPU.Build.0 = Debug|Any CPU
		{1260D01A-426E-4BFA-AB25-610715DEB402}.Release|Any CPU.ActiveCfg = Release|Any CPU
		{1260D01A-426E-4BFA-AB25-610715DEB402}.Release|Any CPU.Build.0 = Release|Any CPU
		{AFD25592-40CF-4B1D-AB25-C1A18C590124}.Debug|Any CPU.ActiveCfg = Debug|Any CPU
		{AFD25592-40CF-4B1D-AB25-C1A18C590124}.Debug|Any CPU.Build.0 = Debug|Any CPU
		{AFD25592-40CF-4B1D-AB25-C1A18C590124}.Release|Any CPU.ActiveCfg = Release|Any CPU
		{AFD25592-40CF-4B1D-AB25-C1A18C590124}.Release|Any CPU.Build.0 = Release|Any CPU
	EndGlobalSection
	GlobalSection(SolutionProperties) = preSolution
		HideSolutionNode = FALSE
	EndGlobalSection
EndGlobal
